
Microsoft Visual Studio Solution File, Format Version 12.00
Project("{2150E333-8FDC-42A3-9474-1A3956D46DE8}") = "Services", "Services", "{A7A44865-1039-4A2E-9241-A233E312684A}"
EndProject
Project("{2150E333-8FDC-42A3-9474-1A3956D46DE8}") = "Backend", "Backend", "{AB535CA8-EBAA-412A-BC5F-B37821B1D09C}"
EndProject
Project("{FAE04EC0-301F-11D3-BF4B-00C04F79EFBC}") = "Binance", "src\Services\Binance\Binance.csproj", "{0EE6C351-65D0-44A7-AD1F-E529A4645C89}"
EndProject
Project("{FAE04EC0-301F-11D3-BF4B-00C04F79EFBC}") = "Bitmex", "src\Services\Bitmex\Bitmex.csproj", "{5E07B446-E64B-4090-A024-30E8E5A45810}"
EndProject
Project("{FAE04EC0-301F-11D3-BF4B-00C04F79EFBC}") = "Contracts", "src\Contracts\Contracts.csproj", "{27295D0D-8C2F-4492-840E-A853B299D45A}"
EndProject
Project("{FAE04EC0-301F-11D3-BF4B-00C04F79EFBC}") = "Core", "src\Backend\Core\Core.csproj", "{4DCEF526-AF4C-4F83-84C2-AEA6DB92E89B}"
EndProject
Project("{2150E333-8FDC-42A3-9474-1A3956D46DE8}") = "Backoffice", "Backoffice", "{794924B1-C9EC-46EB-B61F-8FF02000EB14}"
EndProject
Project("{FAE04EC0-301F-11D3-BF4B-00C04F79EFBC}") = "Persistence.PostgreSQL", "src\Backend\Persistence.PostgreSQL\Persistence.PostgreSQL.csproj", "{0D2CF796-7BFE-4624-BBF1-1BA4F7D01DB5}"
EndProject
Project("{FAE04EC0-301F-11D3-BF4B-00C04F79EFBC}") = "Persistence", "src\Backend\Persistence\Persistence.csproj", "{803F1411-63D3-4644-9B34-97D8E52F42C0}"
EndProject
Project("{FAE04EC0-301F-11D3-BF4B-00C04F79EFBC}") = "TechanCore", "src\TechanCore\TechanCore.csproj", "{ABFACAC0-06E5-4730-9E45-75AE52FD1444}"
EndProject
Global
	GlobalSection(SolutionConfigurationPlatforms) = preSolution
		Debug|Any CPU = Debug|Any CPU
		Release|Any CPU = Release|Any CPU
	EndGlobalSection
	GlobalSection(NestedProjects) = preSolution
		{0EE6C351-65D0-44A7-AD1F-E529A4645C89} = {A7A44865-1039-4A2E-9241-A233E312684A}
		{5E07B446-E64B-4090-A024-30E8E5A45810} = {A7A44865-1039-4A2E-9241-A233E312684A}
		{4DCEF526-AF4C-4F83-84C2-AEA6DB92E89B} = {AB535CA8-EBAA-412A-BC5F-B37821B1D09C}
		{0D2CF796-7BFE-4624-BBF1-1BA4F7D01DB5} = {AB535CA8-EBAA-412A-BC5F-B37821B1D09C}
		{803F1411-63D3-4644-9B34-97D8E52F42C0} = {AB535CA8-EBAA-412A-BC5F-B37821B1D09C}
		{ABFACAC0-06E5-4730-9E45-75AE52FD1444} = {AB535CA8-EBAA-412A-BC5F-B37821B1D09C}
	EndGlobalSection
	GlobalSection(ProjectConfigurationPlatforms) = postSolution
		{0EE6C351-65D0-44A7-AD1F-E529A4645C89}.Debug|Any CPU.ActiveCfg = Debug|Any CPU
		{0EE6C351-65D0-44A7-AD1F-E529A4645C89}.Debug|Any CPU.Build.0 = Debug|Any CPU
		{0EE6C351-65D0-44A7-AD1F-E529A4645C89}.Release|Any CPU.ActiveCfg = Release|Any CPU
		{0EE6C351-65D0-44A7-AD1F-E529A4645C89}.Release|Any CPU.Build.0 = Release|Any CPU
		{5E07B446-E64B-4090-A024-30E8E5A45810}.Debug|Any CPU.ActiveCfg = Debug|Any CPU
		{5E07B446-E64B-4090-A024-30E8E5A45810}.Debug|Any CPU.Build.0 = Debug|Any CPU
		{5E07B446-E64B-4090-A024-30E8E5A45810}.Release|Any CPU.ActiveCfg = Release|Any CPU
		{5E07B446-E64B-4090-A024-30E8E5A45810}.Release|Any CPU.Build.0 = Release|Any CPU
		{27295D0D-8C2F-4492-840E-A853B299D45A}.Debug|Any CPU.ActiveCfg = Debug|Any CPU
		{27295D0D-8C2F-4492-840E-A853B299D45A}.Debug|Any CPU.Build.0 = Debug|Any CPU
		{27295D0D-8C2F-4492-840E-A853B299D45A}.Release|Any CPU.ActiveCfg = Release|Any CPU
		{27295D0D-8C2F-4492-840E-A853B299D45A}.Release|Any CPU.Build.0 = Release|Any CPU
		{4DCEF526-AF4C-4F83-84C2-AEA6DB92E89B}.Debug|Any CPU.ActiveCfg = Debug|Any CPU
		{4DCEF526-AF4C-4F83-84C2-AEA6DB92E89B}.Debug|Any CPU.Build.0 = Debug|Any CPU
		{4DCEF526-AF4C-4F83-84C2-AEA6DB92E89B}.Release|Any CPU.ActiveCfg = Release|Any CPU
		{4DCEF526-AF4C-4F83-84C2-AEA6DB92E89B}.Release|Any CPU.Build.0 = Release|Any CPU
		{0D2CF796-7BFE-4624-BBF1-1BA4F7D01DB5}.Debug|Any CPU.ActiveCfg = Debug|Any CPU
		{0D2CF796-7BFE-4624-BBF1-1BA4F7D01DB5}.Debug|Any CPU.Build.0 = Debug|Any CPU
		{0D2CF796-7BFE-4624-BBF1-1BA4F7D01DB5}.Release|Any CPU.ActiveCfg = Release|Any CPU
		{0D2CF796-7BFE-4624-BBF1-1BA4F7D01DB5}.Release|Any CPU.Build.0 = Release|Any CPU
		{803F1411-63D3-4644-9B34-97D8E52F42C0}.Debug|Any CPU.ActiveCfg = Debug|Any CPU
		{803F1411-63D3-4644-9B34-97D8E52F42C0}.Debug|Any CPU.Build.0 = Debug|Any CPU
		{803F1411-63D3-4644-9B34-97D8E52F42C0}.Release|Any CPU.ActiveCfg = Release|Any CPU
		{803F1411-63D3-4644-9B34-97D8E52F42C0}.Release|Any CPU.Build.0 = Release|Any CPU
		{ABFACAC0-06E5-4730-9E45-75AE52FD1444}.Debug|Any CPU.ActiveCfg = Debug|Any CPU
		{ABFACAC0-06E5-4730-9E45-75AE52FD1444}.Debug|Any CPU.Build.0 = Debug|Any CPU
		{ABFACAC0-06E5-4730-9E45-75AE52FD1444}.Release|Any CPU.ActiveCfg = Release|Any CPU
		{ABFACAC0-06E5-4730-9E45-75AE52FD1444}.Release|Any CPU.Build.0 = Release|Any CPU
	EndGlobalSection
EndGlobal
